
Microsoft Visual Studio Solution File, Format Version 12.00
# Visual Studio 15
VisualStudioVersion = 15.0.28307.539
MinimumVisualStudioVersion = 10.0.40219.1
Project("{8BC9CEB8-8B4A-11D0-8D11-00A0C91BC942}") = "Ven0mRework", "Ven0mRework\Ven0mRework.vcxproj", "{306C437E-C41D-4732-AA4A-A4104D2B1807}"
EndProject
Global
	GlobalSection(SolutionConfigurationPlatforms) = preSolution
		Debug|x64 = Debug|x64
		Debug|x86 = Debug|x86
		Release|x64 = Release|x64
		Release|x86 = Release|x86
	EndGlobalSection
	GlobalSection(ProjectConfigurationPlatforms) = postSolution
		{306C437E-C41D-4732-AA4A-A4104D2B1807}.Debug|x64.ActiveCfg = Debug|x64
		{306C437E-C41D-4732-AA4A-A4104D2B1807}.Debug|x64.Build.0 = Debug|x64
		{306C437E-C41D-4732-AA4A-A4104D2B1807}.Debug|x86.ActiveCfg = Debug|Win32
		{306C437E-C41D-4732-AA4A-A4104D2B1807}.Debug|x86.Build.0 = Debug|Win32
		{306C437E-C41D-4732-AA4A-A4104D2B1807}.Release|x64.ActiveCfg = Release|x64
		{306C437E-C41D-4732-AA4A-A4104D2B1807}.Release|x64.Build.0 = Release|x64
		{306C437E-C41D-4732-AA4A-A4104D2B1807}.Release|x86.ActiveCfg = Release|Win32
		{306C437E-C41D-4732-AA4A-A4104D2B1807}.Release|x86.Build.0 = Release|Win32
	EndGlobalSection
	GlobalSection(SolutionProperties) = preSolution
		HideSolutionNode = FALSE
	EndGlobalSection
	GlobalSection(ExtensibilityGlobals) = postSolution
		SolutionGuid = {44B59BB1-AFE3-47AB-9CA1-20F577679E1A}
	EndGlobalSection
EndGlobal
